github.com/frankban/quicktest v1.14.4 h1:g2rn0vABPOOXmZUj+vbmUp0lPoXEMuhTpIluN0XL9UY=
github.com/go-zoox/core-utils v1.2.14 h1:Z6x9QTgfBfhbSOOPEDLqLs9UGBWkXgBpVPlJ4pI68yk=
github.com/go-zoox/core-utils v1.2.14/go.mod h1:raOOwr2l2sJQyjR0Dg33sg0ry4U1/L2eNTuLFRpUXWs=
github.com/go-zoox/testify v1.0.2 h1:G5sQ3xm0uwCuytnMhgnqZ5BItCt2DN3n2wLBqlIJEWA=
github.com/go-zoox/testify v1.0.2/go.mod h1:L35iVL6xDKDL/TQOTRWyNL4H4nm8bzs6nde5XA7PYnY=
github.com/google/go-cmp v0.5.9 h1:O2Tfq5qg4qc4AmwVlvv0oLiVAGB7enBSJ2x2DqQFi38=
github.com/kr/pretty v0.3.1 h1:flRD4NNwYAUpkphVc1HcthR4KEIFJ65n8Mw5qdRn3LE=
github.com/kr/text v0.2.0 h1:5Nx0Ya0ZqY2ygV366QzturHI13Jq95ApcVaJBhpS+AY=
github.com/rogpeppe/go-internal v1.9.0 h1:73kH8U+JUqXU8lRuOHeVHaa/SZPifC7BkcraZVejAe8=
github.com/spf13/cast v1.5.1 h1:R+kOtfhWQE6TVQzY+4D7wJLBgkdVasCEFxSUBYBYIlA=
github.com/spf13/cast v1.5.1/go.mod h1:b9PdjNptOpzXr7Rq1q9gJML/2cdGQAo69NKzQ10KN48=
github.com/ttacon/chalk v0.0.0-20160626202418-22c06c80ed31 h1:OXcKh35JaYsGMRzpvFkLv/MEyPuL49CThT1pZ8aSml4=
github.com/ttacon/chalk v0.0.0-20160626202418-22c06c80ed31/go.mod h1:onvgF043R+lC5RZ8IT9rBXDaEDnpnw/Cl+HFiw+v/7Q=
